
Microsoft Visual Studio Solution File, Format Version 12.00
# Visual Studio Version 17
VisualStudioVersion = 17.7.34003.232
MinimumVisualStudioVersion = 10.0.40219.1
Project("{FAE04EC0-301F-11D3-BF4B-00C04F79EFBC}") = "Gui3", "Gui3\Gui3.csproj", "{81D649A2-AC47-4B24-AEB3-65BD77BD0299}"
EndProject
Global
	GlobalSection(SolutionConfigurationPlatforms) = preSolution
		Debug|Any CPU = Debug|Any CPU
		Release|Any CPU = Release|Any CPU
	EndGlobalSection
	GlobalSection(ProjectConfigurationPlatforms) = postSolution
		{81D649A2-AC47-4B24-AEB3-65BD77BD0299}.Debug|Any CPU.ActiveCfg = Debug|Any CPU
		{81D649A2-AC47-4B24-AEB3-65BD77BD0299}.Debug|Any CPU.Build.0 = Debug|Any CPU
		{81D649A2-AC47-4B24-AEB3-65BD77BD0299}.Release|Any CPU.ActiveCfg = Release|Any CPU
		{81D649A2-AC47-4B24-AEB3-65BD77BD0299}.Release|Any CPU.Build.0 = Release|Any CPU
	EndGlobalSection
	GlobalSection(SolutionProperties) = preSolution
		HideSolutionNode = FALSE
	EndGlobalSection
	GlobalSection(ExtensibilityGlobals) = postSolution
		SolutionGuid = {BA304E5C-6C67-480A-87FA-5045156AC6ED}
	EndGlobalSection
EndGlobal
