
Microsoft Visual Studio Solution File, Format Version 12.00
# Visual Studio Version 17
VisualStudioVersion = 17.10.35027.167
MinimumVisualStudioVersion = 10.0.40219.1
Project("{FAE04EC0-301F-11D3-BF4B-00C04F79EFBC}") = "Ejercicio2_Guia2", "Ejercicio2_Guia2\Ejercicio2_Guia2.csproj", "{045D4FD4-CA5E-4648-9561-E76D1F8F6E99}"
EndProject
Global
	GlobalSection(SolutionConfigurationPlatforms) = preSolution
		Debug|Any CPU = Debug|Any CPU
		Release|Any CPU = Release|Any CPU
	EndGlobalSection
	GlobalSection(ProjectConfigurationPlatforms) = postSolution
		{045D4FD4-CA5E-4648-9561-E76D1F8F6E99}.Debug|Any CPU.ActiveCfg = Debug|Any CPU
		{045D4FD4-CA5E-4648-9561-E76D1F8F6E99}.Debug|Any CPU.Build.0 = Debug|Any CPU
		{045D4FD4-CA5E-4648-9561-E76D1F8F6E99}.Release|Any CPU.ActiveCfg = Release|Any CPU
		{045D4FD4-CA5E-4648-9561-E76D1F8F6E99}.Release|Any CPU.Build.0 = Release|Any CPU
	EndGlobalSection
	GlobalSection(SolutionProperties) = preSolution
		HideSolutionNode = FALSE
	EndGlobalSection
	GlobalSection(ExtensibilityGlobals) = postSolution
		SolutionGuid = {EC3591E9-4CB5-43D4-98B8-597F96938D7F}
	EndGlobalSection
EndGlobal
