
Microsoft Visual Studio Solution File, Format Version 12.00
# Visual Studio Version 17
VisualStudioVersion = 17.11.35312.102
MinimumVisualStudioVersion = 10.0.40219.1
Project("{FAE04EC0-301F-11D3-BF4B-00C04F79EFBC}") = "TheTemperTrap", "TheTemperTrap\TheTemperTrap.csproj", "{9C5A0956-64A4-4497-9297-F2BED1DD2525}"
EndProject
Global
	GlobalSection(SolutionConfigurationPlatforms) = preSolution
		Debug|Any CPU = Debug|Any CPU
		Release|Any CPU = Release|Any CPU
	EndGlobalSection
	GlobalSection(ProjectConfigurationPlatforms) = postSolution
		{9C5A0956-64A4-4497-9297-F2BED1DD2525}.Debug|Any CPU.ActiveCfg = Debug|Any CPU
		{9C5A0956-64A4-4497-9297-F2BED1DD2525}.Debug|Any CPU.Build.0 = Debug|Any CPU
		{9C5A0956-64A4-4497-9297-F2BED1DD2525}.Release|Any CPU.ActiveCfg = Release|Any CPU
		{9C5A0956-64A4-4497-9297-F2BED1DD2525}.Release|Any CPU.Build.0 = Release|Any CPU
	EndGlobalSection
	GlobalSection(SolutionProperties) = preSolution
		HideSolutionNode = FALSE
	EndGlobalSection
	GlobalSection(ExtensibilityGlobals) = postSolution
		SolutionGuid = {F29F5D1E-4F9A-4210-8EFC-EBCB87C9AB76}
	EndGlobalSection
EndGlobal
