
Microsoft Visual Studio Solution File, Format Version 12.00
# Visual Studio Version 17
VisualStudioVersion = 17.8.34511.84
MinimumVisualStudioVersion = 10.0.40219.1
Project("{FAE04EC0-301F-11D3-BF4B-00C04F79EFBC}") = "Ejemplo 3", "Ejemplo 3\Ejemplo 3.csproj", "{1ACD7E54-A471-484D-B20B-D630F7ED236C}"
EndProject
Global
	GlobalSection(SolutionConfigurationPlatforms) = preSolution
		Debug|Any CPU = Debug|Any CPU
		Release|Any CPU = Release|Any CPU
	EndGlobalSection
	GlobalSection(ProjectConfigurationPlatforms) = postSolution
		{1ACD7E54-A471-484D-B20B-D630F7ED236C}.Debug|Any CPU.ActiveCfg = Debug|Any CPU
		{1ACD7E54-A471-484D-B20B-D630F7ED236C}.Debug|Any CPU.Build.0 = Debug|Any CPU
		{1ACD7E54-A471-484D-B20B-D630F7ED236C}.Release|Any CPU.ActiveCfg = Release|Any CPU
		{1ACD7E54-A471-484D-B20B-D630F7ED236C}.Release|Any CPU.Build.0 = Release|Any CPU
	EndGlobalSection
	GlobalSection(SolutionProperties) = preSolution
		HideSolutionNode = FALSE
	EndGlobalSection
	GlobalSection(ExtensibilityGlobals) = postSolution
		SolutionGuid = {17108623-10DA-43FF-916D-E09B2B01A1A5}
	EndGlobalSection
EndGlobal
