
Microsoft Visual Studio Solution File, Format Version 12.00
# Visual Studio Version 17
VisualStudioVersion = 17.10.35027.167
MinimumVisualStudioVersion = 10.0.40219.1
Project("{FAE04EC0-301F-11D3-BF4B-00C04F79EFBC}") = "Práctica3DSP", "Práctica3DSP\Práctica3DSP.csproj", "{49A75D24-FA5C-4B85-AB0A-B886A10DDCC6}"
EndProject
Global
	GlobalSection(SolutionConfigurationPlatforms) = preSolution
		Debug|Any CPU = Debug|Any CPU
		Release|Any CPU = Release|Any CPU
	EndGlobalSection
	GlobalSection(ProjectConfigurationPlatforms) = postSolution
		{49A75D24-FA5C-4B85-AB0A-B886A10DDCC6}.Debug|Any CPU.ActiveCfg = Debug|Any CPU
		{49A75D24-FA5C-4B85-AB0A-B886A10DDCC6}.Debug|Any CPU.Build.0 = Debug|Any CPU
		{49A75D24-FA5C-4B85-AB0A-B886A10DDCC6}.Release|Any CPU.ActiveCfg = Release|Any CPU
		{49A75D24-FA5C-4B85-AB0A-B886A10DDCC6}.Release|Any CPU.Build.0 = Release|Any CPU
	EndGlobalSection
	GlobalSection(SolutionProperties) = preSolution
		HideSolutionNode = FALSE
	EndGlobalSection
	GlobalSection(ExtensibilityGlobals) = postSolution
		SolutionGuid = {45BB9334-DC64-42CD-A84D-62E4F6DA191C}
	EndGlobalSection
EndGlobal
