
Microsoft Visual Studio Solution File, Format Version 12.00
# Visual Studio Version 17
VisualStudioVersion = 17.8.34511.84
MinimumVisualStudioVersion = 10.0.40219.1
Project("{FAE04EC0-301F-11D3-BF4B-00C04F79EFBC}") = "RestauranteWebApp", "RestauranteWebApp\RestauranteWebApp.csproj", "{04FE4980-39FF-4AD4-8807-FEB602C54D2B}"
EndProject
Global
	GlobalSection(SolutionConfigurationPlatforms) = preSolution
		Debug|Any CPU = Debug|Any CPU
		Release|Any CPU = Release|Any CPU
	EndGlobalSection
	GlobalSection(ProjectConfigurationPlatforms) = postSolution
		{04FE4980-39FF-4AD4-8807-FEB602C54D2B}.Debug|Any CPU.ActiveCfg = Debug|Any CPU
		{04FE4980-39FF-4AD4-8807-FEB602C54D2B}.Debug|Any CPU.Build.0 = Debug|Any CPU
		{04FE4980-39FF-4AD4-8807-FEB602C54D2B}.Release|Any CPU.ActiveCfg = Release|Any CPU
		{04FE4980-39FF-4AD4-8807-FEB602C54D2B}.Release|Any CPU.Build.0 = Release|Any CPU
	EndGlobalSection
	GlobalSection(SolutionProperties) = preSolution
		HideSolutionNode = FALSE
	EndGlobalSection
	GlobalSection(ExtensibilityGlobals) = postSolution
		SolutionGuid = {D2ED4CA1-7AD1-4D85-9FDE-79BF743CACC7}
	EndGlobalSection
EndGlobal
